// !$*UTF8*$!
{
	archiveVersion = 1;
	classes = {
	};
	objectVersion = 90;
	objects = {

/* Begin PBXBuildFile section */
		2208F2252E456E040013EF0F /* GameUIView.swift in Sources */ = {isa = PBXBuildFile; fileRef = 2208F2242E456DF70013EF0F /* GameUIView.swift */; };
		2208F2272E45714D0013EF0F /* GameDataV1_0_0.swift in Sources */ = {isa = PBXBuildFile; fileRef = 2208F2262E45714B0013EF0F /* GameDataV1_0_0.swift */; };
		228793F725B52045006BAEF7 /* Ball.swift in Sources */ = {isa = PBXBuildFile; fileRef = 228793F625B52045006BAEF7 /* Ball.swift */; };
		228793FC25B5204B006BAEF7 /* Line.swift in Sources */ = {isa = PBXBuildFile; fileRef = 228793FB25B5204B006BAEF7 /* Line.swift */; };
		2287940125B52050006BAEF7 /* Lines.swift in Sources */ = {isa = PBXBuildFile; fileRef = 2287940025B52050006BAEF7 /* Lines.swift */; };
		22890C6625B1D8AB003546CA /* FallyBallyApp.swift in Sources */ = {isa = PBXBuildFile; fileRef = 22890C6525B1D8AB003546CA /* FallyBallyApp.swift */; };
		22890C9425B1D8DF003546CA /* GameScene.swift in Sources */ = {isa = PBXBuildFile; fileRef = 22890C9325B1D8DF003546CA /* GameScene.swift */; };
		22890C9C25B1D964003546CA /* GameView.swift in Sources */ = {isa = PBXBuildFile; fileRef = 22890C9B25B1D964003546CA /* GameView.swift */; };
		228D07CF2F27059E00C987EB /* PrivacyInfo.xcprivacy in Resources */ = {isa = PBXBuildFile; fileRef = 228D07CE2F27059E00C987EB /* PrivacyInfo.xcprivacy */; };
		22A594112E50EB4D00504A98 /* SchemaVersioning.swift in Sources */ = {isa = PBXBuildFile; fileRef = 22A594102E50EB4900504A98 /* SchemaVersioning.swift */; };
		22D555EC2F26CBF900CDE937 /* AppIcon.icon in Resources */ = {isa = PBXBuildFile; fileRef = 22D555EB2F26CBF900CDE937 /* AppIcon.icon */; };
		22FDD0262F0976EE0037AB12 /* Life.swift in Sources */ = {isa = PBXBuildFile; fileRef = 22FDD0252F0976EA0037AB12 /* Life.swift */; };
/* End PBXBuildFile section */

/* Begin PBXFileReference section */
		2208F2242E456DF70013EF0F /* GameUIView.swift */ = {isa = PBXFileReference; lastKnownFileType = sourcecode.swift; path = GameUIView.swift; sourceTree = "<group>"; };
		2208F2262E45714B0013EF0F /* GameDataV1_0_0.swift */ = {isa = PBXFileReference; lastKnownFileType = sourcecode.swift; path = GameDataV1_0_0.swift; sourceTree = "<group>"; };
		22772FE02A61F1AB00AFF8D3 /* FallyBally.entitlements */ = {isa = PBXFileReference; lastKnownFileType = text.plist.entitlements; path = FallyBally.entitlements; sourceTree = "<group>"; };
		228793F625B52045006BAEF7 /* Ball.swift */ = {isa = PBXFileReference; lastKnownFileType = sourcecode.swift; path = Ball.swift; sourceTree = "<group>"; };
		228793FB25B5204B006BAEF7 /* Line.swift */ = {isa = PBXFileReference; lastKnownFileType = sourcecode.swift; path = Line.swift; sourceTree = "<group>"; };
		2287940025B52050006BAEF7 /* Lines.swift */ = {isa = PBXFileReference; lastKnownFileType = sourcecode.swift; path = Lines.swift; sourceTree = "<group>"; };
		22890C6225B1D8AB003546CA /* Fally Bally.app */ = {isa = PBXFileReference; explicitFileType = wrapper.application; includeInIndex = 0; path = "Fally Bally.app"; sourceTree = BUILT_PRODUCTS_DIR; };
		22890C6525B1D8AB003546CA /* FallyBallyApp.swift */ = {isa = PBXFileReference; lastKnownFileType = sourcecode.swift; path = FallyBallyApp.swift; sourceTree = "<group>"; };
		22890C6E25B1D8AC003546CA /* Info.plist */ = {isa = PBXFileReference; lastKnownFileType = text.plist.xml; path = Info.plist; sourceTree = "<group>"; };
		22890C9325B1D8DF003546CA /* GameScene.swift */ = {isa = PBXFileReference; lastKnownFileType = sourcecode.swift; path = GameScene.swift; sourceTree = "<group>"; };
		22890C9B25B1D964003546CA /* GameView.swift */ = {isa = PBXFileReference; lastKnownFileType = sourcecode.swift; path = GameView.swift; sourceTree = "<group>"; };
		228D07CE2F27059E00C987EB /* PrivacyInfo.xcprivacy */ = {isa = PBXFileReference; lastKnownFileType = text.xml; path = PrivacyInfo.xcprivacy; sourceTree = "<group>"; };
		22A594102E50EB4900504A98 /* SchemaVersioning.swift */ = {isa = PBXFileReference; lastKnownFileType = sourcecode.swift; path = SchemaVersioning.swift; sourceTree = "<group>"; };
		22D555EB2F26CBF900CDE937 /* AppIcon.icon */ = {isa = PBXFileReference; lastKnownFileType = folder.iconcomposer.icon; path = AppIcon.icon; sourceTree = "<group>"; };
		22FDD0252F0976EA0037AB12 /* Life.swift */ = {isa = PBXFileReference; lastKnownFileType = sourcecode.swift; path = Life.swift; sourceTree = "<group>"; };
/* End PBXFileReference section */

/* Begin PBXFrameworksBuildPhase section */
		22890C5F25B1D8AB003546CA /* Frameworks */ = {
			isa = PBXFrameworksBuildPhase;
			files = (
			);
		};
/* End PBXFrameworksBuildPhase section */

/* Begin PBXGroup section */
		2287940825B557E6006BAEF7 /* Frameworks */ = {
			isa = PBXGroup;
			children = (
			);
			name = Frameworks;
			sourceTree = "<group>";
		};
		22890C5925B1D8AB003546CA = {
			isa = PBXGroup;
			children = (
				22D555EB2F26CBF900CDE937 /* AppIcon.icon */,
				228D07CE2F27059E00C987EB /* PrivacyInfo.xcprivacy */,
				22890C6E25B1D8AC003546CA /* Info.plist */,
				22772FE02A61F1AB00AFF8D3 /* FallyBally.entitlements */,
				22890C6425B1D8AB003546CA /* Shared */,
				22890C6325B1D8AB003546CA /* Products */,
				2287940825B557E6006BAEF7 /* Frameworks */,
			);
			sourceTree = "<group>";
		};
		22890C6325B1D8AB003546CA /* Products */ = {
			isa = PBXGroup;
			children = (
				22890C6225B1D8AB003546CA /* Fally Bally.app */,
			);
			name = Products;
			sourceTree = "<group>";
		};
		22890C6425B1D8AB003546CA /* Shared */ = {
			isa = PBXGroup;
			children = (
				22A594102E50EB4900504A98 /* SchemaVersioning.swift */,
				22890C6525B1D8AB003546CA /* FallyBallyApp.swift */,
				22890C9B25B1D964003546CA /* GameView.swift */,
				2208F2242E456DF70013EF0F /* GameUIView.swift */,
				2208F2262E45714B0013EF0F /* GameDataV1_0_0.swift */,
				22890C9325B1D8DF003546CA /* GameScene.swift */,
				228793F625B52045006BAEF7 /* Ball.swift */,
				22FDD0252F0976EA0037AB12 /* Life.swift */,
				228793FB25B5204B006BAEF7 /* Line.swift */,
				2287940025B52050006BAEF7 /* Lines.swift */,
			);
			path = Shared;
			sourceTree = "<group>";
		};
/* End PBXGroup section */

/* Begin PBXNativeTarget section */
		22890C6125B1D8AB003546CA /* Fally Bally */ = {
			isa = PBXNativeTarget;
			buildConfigurationList = 22890C8725B1D8AC003546CA /* Build configuration list for PBXNativeTarget "Fally Bally" */;
			buildPhases = (
				22890C5E25B1D8AB003546CA /* Sources */,
				22890C5F25B1D8AB003546CA /* Frameworks */,
				22890C6025B1D8AB003546CA /* Resources */,
			);
			buildRules = (
			);
			name = "Fally Bally";
			productName = FallyBally;
			productReference = 22890C6225B1D8AB003546CA /* Fally Bally.app */;
			productType = "com.apple.product-type.application";
		};
/* End PBXNativeTarget section */

/* Begin PBXProject section */
		22890C5A25B1D8AB003546CA /* Project object */ = {
			isa = PBXProject;
			attributes = {
				BuildIndependentTargetsInParallel = YES;
				LastSwiftUpdateCheck = 1230;
				LastUpgradeCheck = 2620;
				TargetAttributes = {
					22890C6125B1D8AB003546CA = {
						CreatedOnToolsVersion = 12.3;
					};
				};
			};
			buildConfigurationList = 22890C5D25B1D8AB003546CA /* Build configuration list for PBXProject "FallyBally" */;
			developmentRegion = en;
			hasScannedForEncodings = 0;
			knownRegions = (
				en,
				Base,
			);
			mainGroup = 22890C5925B1D8AB003546CA;
			preferredProjectObjectVersion = 90;
			productRefGroup = 22890C6325B1D8AB003546CA /* Products */;
			projectDirPath = "";
			projectRoot = "";
			targets = (
				22890C6125B1D8AB003546CA /* Fally Bally */,
			);
		};
/* End PBXProject section */

/* Begin PBXResourcesBuildPhase section */
		22890C6025B1D8AB003546CA /* Resources */ = {
			isa = PBXResourcesBuildPhase;
			files = (
				228D07CF2F27059E00C987EB /* PrivacyInfo.xcprivacy in Resources */,
				22D555EC2F26CBF900CDE937 /* AppIcon.icon in Resources */,
			);
		};
/* End PBXResourcesBuildPhase section */

/* Begin PBXSourcesBuildPhase section */
		22890C5E25B1D8AB003546CA /* Sources */ = {
			isa = PBXSourcesBuildPhase;
			files = (
				228793F725B52045006BAEF7 /* Ball.swift in Sources */,
				22A594112E50EB4D00504A98 /* SchemaVersioning.swift in Sources */,
				2208F2252E456E040013EF0F /* GameUIView.swift in Sources */,
				22890C9425B1D8DF003546CA /* GameScene.swift in Sources */,
				22890C9C25B1D964003546CA /* GameView.swift in Sources */,
				22890C6625B1D8AB003546CA /* FallyBallyApp.swift in Sources */,
				2208F2272E45714D0013EF0F /* GameDataV1_0_0.swift in Sources */,
				228793FC25B5204B006BAEF7 /* Line.swift in Sources */,
				2287940125B52050006BAEF7 /* Lines.swift in Sources */,
				22FDD0262F0976EE0037AB12 /* Life.swift in Sources */,
			);
		};
/* End PBXSourcesBuildPhase section */

/* Begin XCBuildConfiguration section */
		22890C8525B1D8AC003546CA /* Debug configuration for PBXProject "FallyBally" */ = {
			isa = XCBuildConfiguration;
			buildSettings = {
				ALWAYS_SEARCH_USER_PATHS = NO;
				ASSETCATALOG_COMPILER_GENERATE_SWIFT_ASSET_SYMBOL_EXTENSIONS = YES;
				CLANG_ANALYZER_NONNULL = YES;
				CLANG_ANALYZER_NUMBER_OBJECT_CONVERSION = YES_AGGRESSIVE;
				CLANG_CXX_LANGUAGE_STANDARD = "gnu++14";
				CLANG_CXX_LIBRARY = "libc++";
				CLANG_ENABLE_MODULES = YES;
				CLANG_ENABLE_OBJC_ARC = YES;
				CLANG_ENABLE_OBJC_WEAK = YES;
				CLANG_WARN_BLOCK_CAPTURE_AUTORELEASING = YES;
				CLANG_WARN_BOOL_CONVERSION = YES;
				CLANG_WARN_COMMA = YES;
				CLANG_WARN_CONSTANT_CONVERSION = YES;
				CLANG_WARN_DEPRECATED_OBJC_IMPLEMENTATIONS = YES;
				CLANG_WARN_DIRECT_OBJC_ISA_USAGE = YES_ERROR;
				CLANG_WARN_DOCUMENTATION_COMMENTS = YES;
				CLANG_WARN_EMPTY_BODY = YES;
				CLANG_WARN_ENUM_CONVERSION = YES;
				CLANG_WARN_INFINITE_RECURSION = YES;
				CLANG_WARN_INT_CONVERSION = YES;
				CLANG_WARN_NON_LITERAL_NULL_CONVERSION = YES;
				CLANG_WARN_OBJC_IMPLICIT_RETAIN_SELF = YES;
				CLANG_WARN_OBJC_LITERAL_CONVERSION = YES;
				CLANG_WARN_OBJC_ROOT_CLASS = YES_ERROR;
				CLANG_WARN_QUOTED_INCLUDE_IN_FRAMEWORK_HEADER = YES;
				CLANG_WARN_RANGE_LOOP_ANALYSIS = YES;
				CLANG_WARN_STRICT_PROTOTYPES = YES;
				CLANG_WARN_SUSPICIOUS_MOVE = YES;
				CLANG_WARN_UNGUARDED_AVAILABILITY = YES_AGGRESSIVE;
				CLANG_WARN_UNREACHABLE_CODE = YES;
				CLANG_WARN__DUPLICATE_METHOD_MATCH = YES;
				COPY_PHASE_STRIP = NO;
				DEBUG_INFORMATION_FORMAT = dwarf;
				DEVELOPMENT_TEAM = J8P6BA4WGF;
				ENABLE_STRICT_OBJC_MSGSEND = YES;
				ENABLE_TESTABILITY = YES;
				ENABLE_USER_SCRIPT_SANDBOXING = YES;
				GCC_C_LANGUAGE_STANDARD = gnu11;
				GCC_DYNAMIC_NO_PIC = NO;
				GCC_NO_COMMON_BLOCKS = YES;
				GCC_OPTIMIZATION_LEVEL = 0;
				GCC_PREPROCESSOR_DEFINITIONS = (
					"DEBUG=1",
					"$(inherited)",
				);
				GCC_WARN_64_TO_32_BIT_CONVERSION = YES;
				GCC_WARN_ABOUT_RETURN_TYPE = YES_ERROR;
				GCC_WARN_UNDECLARED_SELECTOR = YES;
				GCC_WARN_UNINITIALIZED_AUTOS = YES_AGGRESSIVE;
				GCC_WARN_UNUSED_FUNCTION = YES;
				GCC_WARN_UNUSED_VARIABLE = YES;
				IPHONEOS_DEPLOYMENT_TARGET = 26.0;
				MTL_ENABLE_DEBUG_INFO = INCLUDE_SOURCE;
				MTL_FAST_MATH = YES;
				ONLY_ACTIVE_ARCH = YES;
				SDKROOT = iphoneos;
				STRING_CATALOG_GENERATE_SYMBOLS = YES;
				SWIFT_ACTIVE_COMPILATION_CONDITIONS = DEBUG;
				SWIFT_OPTIMIZATION_LEVEL = "-Onone";
				SWIFT_VERSION = 6.0;
			};
			name = Debug;
		};
		22890C8625B1D8AC003546CA /* Release configuration for PBXProject "FallyBally" */ = {
			isa = XCBuildConfiguration;
			buildSettings = {
				ALWAYS_SEARCH_USER_PATHS = NO;
				ASSETCATALOG_COMPILER_GENERATE_SWIFT_ASSET_SYMBOL_EXTENSIONS = YES;
				CLANG_ANALYZER_NONNULL = YES;
				CLANG_ANALYZER_NUMBER_OBJECT_CONVERSION = YES_AGGRESSIVE;
				CLANG_CXX_LANGUAGE_STANDARD = "gnu++14";
				CLANG_CXX_LIBRARY = "libc++";
				CLANG_ENABLE_MODULES = YES;
				CLANG_ENABLE_OBJC_ARC = YES;
				CLANG_ENABLE_OBJC_WEAK = YES;
				CLANG_WARN_BLOCK_CAPTURE_AUTORELEASING = YES;
				CLANG_WARN_BOOL_CONVERSION = YES;
				CLANG_WARN_COMMA = YES;
				CLANG_WARN_CONSTANT_CONVERSION = YES;
				CLANG_WARN_DEPRECATED_OBJC_IMPLEMENTATIONS = YES;
				CLANG_WARN_DIRECT_OBJC_ISA_USAGE = YES_ERROR;
				CLANG_WARN_DOCUMENTATION_COMMENTS = YES;
				CLANG_WARN_EMPTY_BODY = YES;
				CLANG_WARN_ENUM_CONVERSION = YES;
				CLANG_WARN_INFINITE_RECURSION = YES;
				CLANG_WARN_INT_CONVERSION = YES;
				CLANG_WARN_NON_LITERAL_NULL_CONVERSION = YES;
				CLANG_WARN_OBJC_IMPLICIT_RETAIN_SELF = YES;
				CLANG_WARN_OBJC_LITERAL_CONVERSION = YES;
				CLANG_WARN_OBJC_ROOT_CLASS = YES_ERROR;
				CLANG_WARN_QUOTED_INCLUDE_IN_FRAMEWORK_HEADER = YES;
				CLANG_WARN_RANGE_LOOP_ANALYSIS = YES;
				CLANG_WARN_STRICT_PROTOTYPES = YES;
				CLANG_WARN_SUSPICIOUS_MOVE = YES;
				CLANG_WARN_UNGUARDED_AVAILABILITY = YES_AGGRESSIVE;
				CLANG_WARN_UNREACHABLE_CODE = YES;
				CLANG_WARN__DUPLICATE_METHOD_MATCH = YES;
				COPY_PHASE_STRIP = NO;
				DEBUG_INFORMATION_FORMAT = "dwarf-with-dsym";
				DEVELOPMENT_TEAM = J8P6BA4WGF;
				ENABLE_NS_ASSERTIONS = NO;
				ENABLE_STRICT_OBJC_MSGSEND = YES;
				ENABLE_USER_SCRIPT_SANDBOXING = YES;
				GCC_C_LANGUAGE_STANDARD = gnu11;
				GCC_NO_COMMON_BLOCKS = YES;
				GCC_WARN_64_TO_32_BIT_CONVERSION = YES;
				GCC_WARN_ABOUT_RETURN_TYPE = YES_ERROR;
				GCC_WARN_UNDECLARED_SELECTOR = YES;
				GCC_WARN_UNINITIALIZED_AUTOS = YES_AGGRESSIVE;
				GCC_WARN_UNUSED_FUNCTION = YES;
				GCC_WARN_UNUSED_VARIABLE = YES;
				IPHONEOS_DEPLOYMENT_TARGET = 26.0;
				MTL_ENABLE_DEBUG_INFO = NO;
				MTL_FAST_MATH = YES;
				SDKROOT = iphoneos;
				STRING_CATALOG_GENERATE_SYMBOLS = YES;
				SWIFT_COMPILATION_MODE = wholemodule;
				SWIFT_OPTIMIZATION_LEVEL = "-O";
				SWIFT_VERSION = 6.0;
				VALIDATE_PRODUCT = YES;
			};
			name = Release;
		};
		22890C8825B1D8AC003546CA /* Debug configuration for PBXNativeTarget "Fally Bally" */ = {
			isa = XCBuildConfiguration;
			buildSettings = {
				ASSETCATALOG_COMPILER_APPICON_NAME = AppIcon;
				CODE_SIGN_ENTITLEMENTS = FallyBally.entitlements;
				CODE_SIGN_IDENTITY = "Apple Development";
				CODE_SIGN_STYLE = Automatic;
				CURRENT_PROJECT_VERSION = 1;
				ENABLE_PREVIEWS = YES;
				INFOPLIST_FILE = Info.plist;
				INFOPLIST_KEY_LSApplicationCategoryType = "public.app-category.arcade-games";
				IPHONEOS_DEPLOYMENT_TARGET = 26.0;
				LD_RUNPATH_SEARCH_PATHS = (
					"$(inherited)",
					"@executable_path/Frameworks",
				);
				MARKETING_VERSION = 2.0.1;
				PRODUCT_BUNDLE_IDENTIFIER = com.sammcb.FallyBally;
				PRODUCT_NAME = "$(TARGET_NAME)";
				PROVISIONING_PROFILE_SPECIFIER = "";
				SUPPORTED_PLATFORMS = "iphoneos iphonesimulator";
				SUPPORTS_MACCATALYST = NO;
				SUPPORTS_MAC_DESIGNED_FOR_IPHONE_IPAD = NO;
				SUPPORTS_XR_DESIGNED_FOR_IPHONE_IPAD = NO;
				SWIFT_VERSION = 6.0;
				TARGETED_DEVICE_FAMILY = "1,2";
			};
			name = Debug;
		};
		22890C8925B1D8AC003546CA /* Release configuration for PBXNativeTarget "Fally Bally" */ = {
			isa = XCBuildConfiguration;
			buildSettings = {
				ASSETCATALOG_COMPILER_APPICON_NAME = AppIcon;
				CODE_SIGN_ENTITLEMENTS = FallyBally.entitlements;
				CODE_SIGN_IDENTITY = "Apple Development";
				CODE_SIGN_STYLE = Automatic;
				CURRENT_PROJECT_VERSION = 1;
				ENABLE_PREVIEWS = YES;
				INFOPLIST_FILE = Info.plist;
				INFOPLIST_KEY_LSApplicationCategoryType = "public.app-category.arcade-games";
				IPHONEOS_DEPLOYMENT_TARGET = 26.0;
				LD_RUNPATH_SEARCH_PATHS = (
					"$(inherited)",
					"@executable_path/Frameworks",
				);
				MARKETING_VERSION = 2.0.1;
				PRODUCT_BUNDLE_IDENTIFIER = com.sammcb.FallyBally;
				PRODUCT_NAME = "$(TARGET_NAME)";
				PROVISIONING_PROFILE_SPECIFIER = "";
				SUPPORTED_PLATFORMS = "iphoneos iphonesimulator";
				SUPPORTS_MACCATALYST = NO;
				SUPPORTS_MAC_DESIGNED_FOR_IPHONE_IPAD = NO;
				SUPPORTS_XR_DESIGNED_FOR_IPHONE_IPAD = NO;
				SWIFT_VERSION = 6.0;
				TARGETED_DEVICE_FAMILY = "1,2";
			};
			name = Release;
		};
/* End XCBuildConfiguration section */

/* Begin XCConfigurationList section */
		22890C5D25B1D8AB003546CA /* Build configuration list for PBXProject "FallyBally" */ = {
			isa = XCConfigurationList;
			buildConfigurations = (
				22890C8525B1D8AC003546CA /* Debug configuration for PBXProject "FallyBally" */,
				22890C8625B1D8AC003546CA /* Release configuration for PBXProject "FallyBally" */,
			);
			defaultConfigurationName = Release;
		};
		22890C8725B1D8AC003546CA /* Build configuration list for PBXNativeTarget "Fally Bally" */ = {
			isa = XCConfigurationList;
			buildConfigurations = (
				22890C8825B1D8AC003546CA /* Debug configuration for PBXNativeTarget "Fally Bally" */,
				22890C8925B1D8AC003546CA /* Release configuration for PBXNativeTarget "Fally Bally" */,
			);
			defaultConfigurationName = Release;
		};
/* End XCConfigurationList section */
	};
	rootObject = 22890C5A25B1D8AB003546CA /* Project object */;
}
